
Microsoft Visual Studio Solution File, Format Version 12.00
# Visual Studio 2013
VisualStudioVersion = 12.0.31101.0
MinimumVisualStudioVersion = 10.0.40219.1
Project("{FAE04EC0-301F-11D3-BF4B-00C04F79EFBC}") = "Mercury.ParticleEngine.Core", "Mercury.ParticleEngine.Core\Mercury.ParticleEngine.Core.csproj", "{E7B59AF1-5CCF-472B-906A-62BF48E520A8}"
EndProject
Project("{FAE04EC0-301F-11D3-BF4B-00C04F79EFBC}") = "Mercury.ParticleEngine.Core.Tests", "Mercury.ParticleEngine.Core.Tests\Mercury.ParticleEngine.Core.Tests.csproj", "{E9B007E5-A803-46A3-AEF5-05DE0B56A5AF}"
EndProject
Project("{FAE04EC0-301F-11D3-BF4B-00C04F79EFBC}") = "Mercury.ParticleEngine.SharpDX.Direct3D9", "Mercury.ParticleEngine.SharpDX.Direct3D9\Mercury.ParticleEngine.SharpDX.Direct3D9.csproj", "{ACA557D3-43A9-424F-A35A-4FB9C93FE4E3}"
EndProject
Project("{FAE04EC0-301F-11D3-BF4B-00C04F79EFBC}") = "Mercury.ParticleEngine.SharpDX.Direct3D9.Sample", "Samples\Mercury.ParticleEngine.SharpDX.Direct3D9.Sample\Mercury.ParticleEngine.SharpDX.Direct3D9.Sample.csproj", "{A80CE58A-40BF-4766-89D2-3E81C5D9BC63}"
EndProject
Project("{2150E333-8FDC-42A3-9474-1A3956D46DE8}") = ".nuget", ".nuget", "{94E592A5-F2EB-4E13-BD5A-98306A3C41A2}"
	ProjectSection(SolutionItems) = preProject
		.nuget\NuGet.Config = .nuget\NuGet.Config
		.nuget\NuGet.exe = .nuget\NuGet.exe
		.nuget\NuGet.targets = .nuget\NuGet.targets
	EndProjectSection
EndProject
Project("{2150E333-8FDC-42A3-9474-1A3956D46DE8}") = "Samples", "Samples", "{E71632DE-8428-42A9-A309-399C9A067169}"
EndProject
Project("{FAE04EC0-301F-11D3-BF4B-00C04F79EFBC}") = "Mercury.ParticleEngine.SharpDX.Direct3D11", "Mercury.ParticleEngine.SharpDX.Direct3D11\Mercury.ParticleEngine.SharpDX.Direct3D11.csproj", "{BFDF4CBE-6A9D-469C-8A2B-2E309D6E802E}"
EndProject
Project("{FAE04EC0-301F-11D3-BF4B-00C04F79EFBC}") = "Mercury.ParticleEngine.SharpDX.Direct3D11.Sample", "Samples\Mercury.ParticleEngine.SharpDX.Direct3D11.Sample\Mercury.ParticleEngine.SharpDX.Direct3D11.Sample.csproj", "{B780B05C-12DA-4944-BEA0-C7CA6BCDD2EB}"
EndProject
Global
	GlobalSection(SolutionConfigurationPlatforms) = preSolution
		Debug|Any CPU = Debug|Any CPU
		Release|Any CPU = Release|Any CPU
	EndGlobalSection
	GlobalSection(ProjectConfigurationPlatforms) = postSolution
		{E7B59AF1-5CCF-472B-906A-62BF48E520A8}.Debug|Any CPU.ActiveCfg = Debug|Any CPU
		{E7B59AF1-5CCF-472B-906A-62BF48E520A8}.Debug|Any CPU.Build.0 = Debug|Any CPU
		{E7B59AF1-5CCF-472B-906A-62BF48E520A8}.Release|Any CPU.ActiveCfg = Release|Any CPU
		{E7B59AF1-5CCF-472B-906A-62BF48E520A8}.Release|Any CPU.Build.0 = Release|Any CPU
		{E9B007E5-A803-46A3-AEF5-05DE0B56A5AF}.Debug|Any CPU.ActiveCfg = Debug|Any CPU
		{E9B007E5-A803-46A3-AEF5-05DE0B56A5AF}.Debug|Any CPU.Build.0 = Debug|Any CPU
		{E9B007E5-A803-46A3-AEF5-05DE0B56A5AF}.Release|Any CPU.ActiveCfg = Release|Any CPU
		{E9B007E5-A803-46A3-AEF5-05DE0B56A5AF}.Release|Any CPU.Build.0 = Release|Any CPU
		{ACA557D3-43A9-424F-A35A-4FB9C93FE4E3}.Debug|Any CPU.ActiveCfg = Debug|Any CPU
		{ACA557D3-43A9-424F-A35A-4FB9C93FE4E3}.Debug|Any CPU.Build.0 = Debug|Any CPU
		{ACA557D3-43A9-424F-A35A-4FB9C93FE4E3}.Release|Any CPU.ActiveCfg = Release|Any CPU
		{ACA557D3-43A9-424F-A35A-4FB9C93FE4E3}.Release|Any CPU.Build.0 = Release|Any CPU
		{A80CE58A-40BF-4766-89D2-3E81C5D9BC63}.Debug|Any CPU.ActiveCfg = Debug|Any CPU
		{A80CE58A-40BF-4766-89D2-3E81C5D9BC63}.Debug|Any CPU.Build.0 = Debug|Any CPU
		{A80CE58A-40BF-4766-89D2-3E81C5D9BC63}.Release|Any CPU.ActiveCfg = Release|Any CPU
		{A80CE58A-40BF-4766-89D2-3E81C5D9BC63}.Release|Any CPU.Build.0 = Release|Any CPU
		{BFDF4CBE-6A9D-469C-8A2B-2E309D6E802E}.Debug|Any CPU.ActiveCfg = Debug|Any CPU
		{BFDF4CBE-6A9D-469C-8A2B-2E309D6E802E}.Debug|Any CPU.Build.0 = Debug|Any CPU
		{BFDF4CBE-6A9D-469C-8A2B-2E309D6E802E}.Release|Any CPU.ActiveCfg = Release|Any CPU
		{BFDF4CBE-6A9D-469C-8A2B-2E309D6E802E}.Release|Any CPU.Build.0 = Release|Any CPU
		{B780B05C-12DA-4944-BEA0-C7CA6BCDD2EB}.Debug|Any CPU.ActiveCfg = Debug|Any CPU
		{B780B05C-12DA-4944-BEA0-C7CA6BCDD2EB}.Debug|Any CPU.Build.0 = Debug|Any CPU
		{B780B05C-12DA-4944-BEA0-C7CA6BCDD2EB}.Release|Any CPU.ActiveCfg = Release|Any CPU
		{B780B05C-12DA-4944-BEA0-C7CA6BCDD2EB}.Release|Any CPU.Build.0 = Release|Any CPU
	EndGlobalSection
	GlobalSection(SolutionProperties) = preSolution
		HideSolutionNode = FALSE
	EndGlobalSection
	GlobalSection(NestedProjects) = preSolution
		{A80CE58A-40BF-4766-89D2-3E81C5D9BC63} = {E71632DE-8428-42A9-A309-399C9A067169}
		{B780B05C-12DA-4944-BEA0-C7CA6BCDD2EB} = {E71632DE-8428-42A9-A309-399C9A067169}
	EndGlobalSection
EndGlobal
